
Microsoft Visual Studio Solution File, Format Version 12.00
# Visual Studio Version 17
VisualStudioVersion = 17.4.33205.214
MinimumVisualStudioVersion = 10.0.40219.1
Project("{9A19103F-16F7-4668-BE54-9A1E7A4F7556}") = "Task13_6_1", "13_6_1\Task13_6_1.csproj", "{8068D49D-99C7-493E-BC1F-AAB6ECD5798C}"
EndProject
Project("{FAE04EC0-301F-11D3-BF4B-00C04F79EFBC}") = "Task13_6_2", "Task13_6_2\Task13_6_2.csproj", "{C2FE318E-17FE-47B3-9751-7B646683F6A1}"
EndProject
Global
	GlobalSection(SolutionConfigurationPlatforms) = preSolution
		Debug|Any CPU = Debug|Any CPU
		Release|Any CPU = Release|Any CPU
	EndGlobalSection
	GlobalSection(ProjectConfigurationPlatforms) = postSolution
		{8068D49D-99C7-493E-BC1F-AAB6ECD5798C}.Debug|Any CPU.ActiveCfg = Debug|Any CPU
		{8068D49D-99C7-493E-BC1F-AAB6ECD5798C}.Debug|Any CPU.Build.0 = Debug|Any CPU
		{8068D49D-99C7-493E-BC1F-AAB6ECD5798C}.Release|Any CPU.ActiveCfg = Release|Any CPU
		{8068D49D-99C7-493E-BC1F-AAB6ECD5798C}.Release|Any CPU.Build.0 = Release|Any CPU
		{C2FE318E-17FE-47B3-9751-7B646683F6A1}.Debug|Any CPU.ActiveCfg = Debug|Any CPU
		{C2FE318E-17FE-47B3-9751-7B646683F6A1}.Debug|Any CPU.Build.0 = Debug|Any CPU
		{C2FE318E-17FE-47B3-9751-7B646683F6A1}.Release|Any CPU.ActiveCfg = Release|Any CPU
		{C2FE318E-17FE-47B3-9751-7B646683F6A1}.Release|Any CPU.Build.0 = Release|Any CPU
	EndGlobalSection
	GlobalSection(SolutionProperties) = preSolution
		HideSolutionNode = FALSE
	EndGlobalSection
	GlobalSection(ExtensibilityGlobals) = postSolution
		SolutionGuid = {C6B76D02-6225-4497-93E6-D860062AB408}
	EndGlobalSection
EndGlobal
